Microsoft Visual Studio Solution File, Format Version 12.00
# Visual Studio Version 17
VisualStudioVersion = 17.0.31903.59
MinimumVisualStudioVersion = 10.0.40219.1
Project("{FAE04EC0-301F-11D3-BF4B-00C04F79EFBC}") = "MeetCap", "src\MeetCap\MeetCap.csproj", "{58E5EABE-DC49-41B3-B6D5-93E44487FFF3}"
EndProject
Global
	GlobalSection(SolutionConfigurationPlatforms) = preSolution
		Debug|x64 = Debug|x64
		Release|x64 = Release|x64
	EndGlobalSection
	GlobalSection(ProjectConfigurationPlatforms) = postSolution
		{58E5EABE-DC49-41B3-B6D5-93E44487FFF3}.Debug|x64.ActiveCfg = Debug|x64
		{58E5EABE-DC49-41B3-B6D5-93E44487FFF3}.Debug|x64.Build.0 = Debug|x64
		{58E5EABE-DC49-41B3-B6D5-93E44487FFF3}.Release|x64.ActiveCfg = Release|x64
		{58E5EABE-DC49-41B3-B6D5-93E44487FFF3}.Release|x64.Build.0 = Release|x64
	EndGlobalSection
	GlobalSection(SolutionProperties) = preSolution
		HideSolutionNode = FALSE
	EndGlobalSection
	GlobalSection(ExtensibilityGlobals) = postSolution
		SolutionGuid = {7A390253-38A6-4756-8031-F8F58A62DD20}
	EndGlobalSection
EndGlobal
